
Microsoft Visual Studio Solution File, Format Version 12.00
# Visual Studio Version 17
VisualStudioVersion = 17.10.35027.167
MinimumVisualStudioVersion = 10.0.40219.1
Project("{FAE04EC0-301F-11D3-BF4B-00C04F79EFBC}") = "Grams.Server", "Grams.Server\Grams.Server.csproj", "{4F3A5043-BCB9-42B8-9F8E-2A376775CF38}"
EndProject
Project("{54A90642-561A-4BB1-A94E-469ADEE60C69}") = "grams.client", "Grams.Client\grams.client.esproj", "{3E95E9C2-0321-44FF-A867-A78F4C0786C5}"
EndProject
Global
	GlobalSection(SolutionConfigurationPlatforms) = preSolution
		Debug|Any CPU = Debug|Any CPU
		Release|Any CPU = Release|Any CPU
	EndGlobalSection
	GlobalSection(ProjectConfigurationPlatforms) = postSolution
		{4F3A5043-BCB9-42B8-9F8E-2A376775CF38}.Debug|Any CPU.ActiveCfg = Debug|Any CPU
		{4F3A5043-BCB9-42B8-9F8E-2A376775CF38}.Debug|Any CPU.Build.0 = Debug|Any CPU
		{4F3A5043-BCB9-42B8-9F8E-2A376775CF38}.Release|Any CPU.ActiveCfg = Release|Any CPU
		{4F3A5043-BCB9-42B8-9F8E-2A376775CF38}.Release|Any CPU.Build.0 = Release|Any CPU
		{3E95E9C2-0321-44FF-A867-A78F4C0786C5}.Debug|Any CPU.ActiveCfg = Debug|Any CPU
		{3E95E9C2-0321-44FF-A867-A78F4C0786C5}.Debug|Any CPU.Build.0 = Debug|Any CPU
		{3E95E9C2-0321-44FF-A867-A78F4C0786C5}.Debug|Any CPU.Deploy.0 = Debug|Any CPU
		{3E95E9C2-0321-44FF-A867-A78F4C0786C5}.Release|Any CPU.ActiveCfg = Release|Any CPU
		{3E95E9C2-0321-44FF-A867-A78F4C0786C5}.Release|Any CPU.Build.0 = Release|Any CPU
		{3E95E9C2-0321-44FF-A867-A78F4C0786C5}.Release|Any CPU.Deploy.0 = Release|Any CPU
	EndGlobalSection
	GlobalSection(SolutionProperties) = preSolution
		HideSolutionNode = FALSE
	EndGlobalSection
	GlobalSection(ExtensibilityGlobals) = postSolution
		SolutionGuid = {57778E85-CF38-4CAC-A5B1-3A0AC6A71EE7}
	EndGlobalSection
EndGlobal
